
Microsoft Visual Studio Solution File, Format Version 12.00
# Visual Studio Version 16
VisualStudioVersion = 16.0.31702.278
MinimumVisualStudioVersion = 10.0.40219.1
Project("{FAE04EC0-301F-11D3-BF4B-00C04F79EFBC}") = "EventManagementSystem", "EventManagementSystem\EventManagementSystem.csproj", "{65877944-4F70-4912-9C27-0290B8F218E2}"
EndProject
Project("{FAE04EC0-301F-11D3-BF4B-00C04F79EFBC}") = "IntegrationTesting", "IntegrationTesting\IntegrationTesting.csproj", "{E4DE5884-7E2C-4E3F-8748-8029DB958FE6}"
EndProject
Global
	GlobalSection(SolutionConfigurationPlatforms) = preSolution
		Debug|Any CPU = Debug|Any CPU
		Release|Any CPU = Release|Any CPU
	EndGlobalSection
	GlobalSection(ProjectConfigurationPlatforms) = postSolution
		{65877944-4F70-4912-9C27-0290B8F218E2}.Debug|Any CPU.ActiveCfg = Debug|Any CPU
		{65877944-4F70-4912-9C27-0290B8F218E2}.Debug|Any CPU.Build.0 = Debug|Any CPU
		{65877944-4F70-4912-9C27-0290B8F218E2}.Release|Any CPU.ActiveCfg = Release|Any CPU
		{65877944-4F70-4912-9C27-0290B8F218E2}.Release|Any CPU.Build.0 = Release|Any CPU
		{E4DE5884-7E2C-4E3F-8748-8029DB958FE6}.Debug|Any CPU.ActiveCfg = Debug|Any CPU
		{E4DE5884-7E2C-4E3F-8748-8029DB958FE6}.Debug|Any CPU.Build.0 = Debug|Any CPU
		{E4DE5884-7E2C-4E3F-8748-8029DB958FE6}.Release|Any CPU.ActiveCfg = Release|Any CPU
		{E4DE5884-7E2C-4E3F-8748-8029DB958FE6}.Release|Any CPU.Build.0 = Release|Any CPU
	EndGlobalSection
	GlobalSection(SolutionProperties) = preSolution
		HideSolutionNode = FALSE
	EndGlobalSection
	GlobalSection(ExtensibilityGlobals) = postSolution
		SolutionGuid = {649CBC27-1ABB-4442-81D1-A675193E1C8D}
	EndGlobalSection
EndGlobal
